// !$*UTF8*$!
{
	archiveVersion = 1;
	classes = {
	};
	objectVersion = 51;
	objects = {

/* Begin PBXBuildFile section */
		89341A5813ABF0D6A41096B0 /* Pods_ShaurmaRate.framework in Frameworks */ = {isa = PBXBuildFile; fileRef = 0B632AEDA7DFEE1E5DF6B6D6 /* Pods_ShaurmaRate.framework */; };
		D61A8D7C242F82C60095095A /* NewShawa.swift in Sources */ = {isa = PBXBuildFile; fileRef = D61A8D7B242F82C60095095A /* NewShawa.swift */; };
		D61A8D7E243097340095095A /* DoneButton.swift in Sources */ = {isa = PBXBuildFile; fileRef = D61A8D7D243097340095095A /* DoneButton.swift */; };
		D61A8D8024322C6B0095095A /* StorageManager.swift in Sources */ = {isa = PBXBuildFile; fileRef = D61A8D7F24322C6B0095095A /* StorageManager.swift */; };
		D641FE90242BC4B0006243BD /* AppDelegate.swift in Sources */ = {isa = PBXBuildFile; fileRef = D641FE8F242BC4B0006243BD /* AppDelegate.swift */; };
		D641FE92242BC4B0006243BD /* SceneDelegate.swift in Sources */ = {isa = PBXBuildFile; fileRef = D641FE91242BC4B0006243BD /* SceneDelegate.swift */; };
		D641FE97242BC4B0006243BD /* Main.storyboard in Resources */ = {isa = PBXBuildFile; fileRef = D641FE95242BC4B0006243BD /* Main.storyboard */; };
		D641FE99242BC4B5006243BD /* Assets.xcassets in Resources */ = {isa = PBXBuildFile; fileRef = D641FE98242BC4B5006243BD /* Assets.xcassets */; };
		D641FE9C242BC4B5006243BD /* LaunchScreen.storyboard in Resources */ = {isa = PBXBuildFile; fileRef = D641FE9A242BC4B5006243BD /* LaunchScreen.storyboard */; };
		D641FEA4242BC918006243BD /* ShaurmaTVC.swift in Sources */ = {isa = PBXBuildFile; fileRef = D641FEA3242BC918006243BD /* ShaurmaTVC.swift */; };
		D641FEA6242D2CDA006243BD /* CellForShawa.swift in Sources */ = {isa = PBXBuildFile; fileRef = D641FEA5242D2CDA006243BD /* CellForShawa.swift */; };
		D641FEA8242F54DF006243BD /* PlaceModel.swift in Sources */ = {isa = PBXBuildFile; fileRef = D641FEA7242F54DF006243BD /* PlaceModel.swift */; };
		D64E8DA32434D30E00C0CDAE /* RatingControl.swift in Sources */ = {isa = PBXBuildFile; fileRef = D64E8DA22434D30E00C0CDAE /* RatingControl.swift */; };
		D64E8DA5243627B900C0CDAE /* MapVC.swift in Sources */ = {isa = PBXBuildFile; fileRef = D64E8DA4243627B900C0CDAE /* MapVC.swift */; };
/* End PBXBuildFile section */

/* Begin PBXFileReference section */
		0B632AEDA7DFEE1E5DF6B6D6 /* Pods_ShaurmaRate.framework */ = {isa = PBXFileReference; explicitFileType = wrapper.framework; includeInIndex = 0; path = Pods_ShaurmaRate.framework; sourceTree = BUILT_PRODUCTS_DIR; };
		4F9B9B9AFBD95C1043460C75 /* Pods-ShaurmaRate.release.xcconfig */ = {isa = PBXFileReference; includeInIndex = 1; lastKnownFileType = text.xcconfig; name = "Pods-ShaurmaRate.release.xcconfig"; path = "Target Support Files/Pods-ShaurmaRate/Pods-ShaurmaRate.release.xcconfig"; sourceTree = "<group>"; };
		CA9885FE9716C10928ECD08F /* Pods-ShaurmaRate.debug.xcconfig */ = {isa = PBXFileReference; includeInIndex = 1; lastKnownFileType = text.xcconfig; name = "Pods-ShaurmaRate.debug.xcconfig"; path = "Target Support Files/Pods-ShaurmaRate/Pods-ShaurmaRate.debug.xcconfig"; sourceTree = "<group>"; };
		D61A8D7B242F82C60095095A /* NewShawa.swift */ = {isa = PBXFileReference; lastKnownFileType = sourcecode.swift; path = NewShawa.swift; sourceTree = SOURCE_ROOT; };
		D61A8D7D243097340095095A /* DoneButton.swift */ = {isa = PBXFileReference; lastKnownFileType = sourcecode.swift; path = DoneButton.swift; sourceTree = "<group>"; };
		D61A8D7F24322C6B0095095A /* StorageManager.swift */ = {isa = PBXFileReference; lastKnownFileType = sourcecode.swift; path = StorageManager.swift; sourceTree = "<group>"; };
		D641FE8C242BC4B0006243BD /* ShaurmaRate.app */ = {isa = PBXFileReference; explicitFileType = wrapper.application; includeInIndex = 0; path = ShaurmaRate.app; sourceTree = BUILT_PRODUCTS_DIR; };
		D641FE8F242BC4B0006243BD /* AppDelegate.swift */ = {isa = PBXFileReference; lastKnownFileType = sourcecode.swift; path = AppDelegate.swift; sourceTree = "<group>"; };
		D641FE91242BC4B0006243BD /* SceneDelegate.swift */ = {isa = PBXFileReference; lastKnownFileType = sourcecode.swift; path = SceneDelegate.swift; sourceTree = "<group>"; };
		D641FE96242BC4B0006243BD /* Base */ = {isa = PBXFileReference; lastKnownFileType = file.storyboard; name = Base; path = Base.lproj/Main.storyboard; sourceTree = "<group>"; };
		D641FE98242BC4B5006243BD /* Assets.xcassets */ = {isa = PBXFileReference; lastKnownFileType = folder.assetcatalog; path = Assets.xcassets; sourceTree = "<group>"; };
		D641FE9B242BC4B5006243BD /* Base */ = {isa = PBXFileReference; lastKnownFileType = file.storyboard; name = Base; path = Base.lproj/LaunchScreen.storyboard; sourceTree = "<group>"; };
		D641FE9D242BC4B5006243BD /* Info.plist */ = {isa = PBXFileReference; lastKnownFileType = text.plist.xml; path = Info.plist; sourceTree = "<group>"; };
		D641FEA3242BC918006243BD /* ShaurmaTVC.swift */ = {isa = PBXFileReference; lastKnownFileType = sourcecode.swift; path = ShaurmaTVC.swift; sourceTree = SOURCE_ROOT; };
		D641FEA5242D2CDA006243BD /* CellForShawa.swift */ = {isa = PBXFileReference; lastKnownFileType = sourcecode.swift; path = CellForShawa.swift; sourceTree = "<group>"; };
		D641FEA7242F54DF006243BD /* PlaceModel.swift */ = {isa = PBXFileReference; lastKnownFileType = sourcecode.swift; path = PlaceModel.swift; sourceTree = "<group>"; };
		D64E8DA22434D30E00C0CDAE /* RatingControl.swift */ = {isa = PBXFileReference; lastKnownFileType = sourcecode.swift; path = RatingControl.swift; sourceTree = "<group>"; };
		D64E8DA4243627B900C0CDAE /* MapVC.swift */ = {isa = PBXFileReference; lastKnownFileType = sourcecode.swift; path = MapVC.swift; sourceTree = "<group>"; };
/* End PBXFileReference section */

/* Begin PBXFrameworksBuildPhase section */
		D641FE89242BC4B0006243BD /* Frameworks */ = {
			isa = PBXFrameworksBuildPhase;
			buildActionMask = 2147483647;
			files = (
				89341A5813ABF0D6A41096B0 /* Pods_ShaurmaRate.framework in Frameworks */,
			);
			runOnlyForDeploymentPostprocessing = 0;
		};
/* End PBXFrameworksBuildPhase section */

/* Begin PBXGroup section */
		D28F595EB55FC8439EB020BE /* Pods */ = {
			isa = PBXGroup;
			children = (
				CA9885FE9716C10928ECD08F /* Pods-ShaurmaRate.debug.xcconfig */,
				4F9B9B9AFBD95C1043460C75 /* Pods-ShaurmaRate.release.xcconfig */,
			);
			path = Pods;
			sourceTree = "<group>";
		};
		D641FE83242BC4B0006243BD = {
			isa = PBXGroup;
			children = (
				D641FE8E242BC4B0006243BD /* ShaurmaRate */,
				D641FE8D242BC4B0006243BD /* Products */,
				D28F595EB55FC8439EB020BE /* Pods */,
				EA3F951640A388D67056B532 /* Frameworks */,
			);
			sourceTree = "<group>";
		};
		D641FE8D242BC4B0006243BD /* Products */ = {
			isa = PBXGroup;
			children = (
				D641FE8C242BC4B0006243BD /* ShaurmaRate.app */,
			);
			name = Products;
			sourceTree = "<group>";
		};
		D641FE8E242BC4B0006243BD /* ShaurmaRate */ = {
			isa = PBXGroup;
			children = (
				D61A8D7B242F82C60095095A /* NewShawa.swift */,
				D61A8D7D243097340095095A /* DoneButton.swift */,
				D641FE8F242BC4B0006243BD /* AppDelegate.swift */,
				D641FE91242BC4B0006243BD /* SceneDelegate.swift */,
				D641FEA3242BC918006243BD /* ShaurmaTVC.swift */,
				D641FEA7242F54DF006243BD /* PlaceModel.swift */,
				D61A8D7F24322C6B0095095A /* StorageManager.swift */,
				D641FEA5242D2CDA006243BD /* CellForShawa.swift */,
				D64E8DA22434D30E00C0CDAE /* RatingControl.swift */,
				D641FE95242BC4B0006243BD /* Main.storyboard */,
				D64E8DA4243627B900C0CDAE /* MapVC.swift */,
				D641FE98242BC4B5006243BD /* Assets.xcassets */,
				D641FE9A242BC4B5006243BD /* LaunchScreen.storyboard */,
				D641FE9D242BC4B5006243BD /* Info.plist */,
			);
			path = ShaurmaRate;
			sourceTree = "<group>";
		};
		EA3F951640A388D67056B532 /* Frameworks */ = {
			isa = PBXGroup;
			children = (
				0B632AEDA7DFEE1E5DF6B6D6 /* Pods_ShaurmaRate.framework */,
			);
			name = Frameworks;
			sourceTree = "<group>";
		};
/* End PBXGroup section */

/* Begin PBXNativeTarget section */
		D641FE8B242BC4B0006243BD /* ShaurmaRate */ = {
			isa = PBXNativeTarget;
			buildConfigurationList = D641FEA0242BC4B5006243BD /* Build configuration list for PBXNativeTarget "ShaurmaRate" */;
			buildPhases = (
				D46421DD83A0D24B2306E460 /* [CP] Check Pods Manifest.lock */,
				D641FE88242BC4B0006243BD /* Sources */,
				D641FE89242BC4B0006243BD /* Frameworks */,
				D641FE8A242BC4B0006243BD /* Resources */,
				7017BA49073F37FBBC3DFEF5 /* [CP] Embed Pods Frameworks */,
			);
			buildRules = (
			);
			dependencies = (
			);
			name = ShaurmaRate;
			productName = ShaurmaRate;
			productReference = D641FE8C242BC4B0006243BD /* ShaurmaRate.app */;
			productType = "com.apple.product-type.application";
		};
/* End PBXNativeTarget section */

/* Begin PBXProject section */
		D641FE84242BC4B0006243BD /* Project object */ = {
			isa = PBXProject;
			attributes = {
				LastSwiftUpdateCheck = 1120;
				LastUpgradeCheck = 1120;
				ORGANIZATIONNAME = "Mr. Bear";
				TargetAttributes = {
					D641FE8B242BC4B0006243BD = {
						CreatedOnToolsVersion = 11.2;
					};
				};
			};
			buildConfigurationList = D641FE87242BC4B0006243BD /* Build configuration list for PBXProject "ShaurmaRate" */;
			compatibilityVersion = "Xcode 9.3";
			developmentRegion = en;
			hasScannedForEncodings = 0;
			knownRegions = (
				en,
				Base,
			);
			mainGroup = D641FE83242BC4B0006243BD;
			productRefGroup = D641FE8D242BC4B0006243BD /* Products */;
			projectDirPath = "";
			projectRoot = "";
			targets = (
				D641FE8B242BC4B0006243BD /* ShaurmaRate */,
			);
		};
/* End PBXProject section */

/* Begin PBXResourcesBuildPhase section */
		D641FE8A242BC4B0006243BD /* Resources */ = {
			isa = PBXResourcesBuildPhase;
			buildActionMask = 2147483647;
			files = (
				D641FE9C242BC4B5006243BD /* LaunchScreen.storyboard in Resources */,
				D641FE99242BC4B5006243BD /* Assets.xcassets in Resources */,
				D641FE97242BC4B0006243BD /* Main.storyboard in Resources */,
			);
			runOnlyForDeploymentPostprocessing = 0;
		};
/* End PBXResourcesBuildPhase section */

/* Begin PBXShellScriptBuildPhase section */
		7017BA49073F37FBBC3DFEF5 /* [CP] Embed Pods Frameworks */ = {
			isa = PBXShellScriptBuildPhase;
			buildActionMask = 2147483647;
			files = (
			);
			inputFileListPaths = (
				"${PODS_ROOT}/Target Support Files/Pods-ShaurmaRate/Pods-ShaurmaRate-frameworks-${CONFIGURATION}-input-files.xcfilelist",
			);
			name = "[CP] Embed Pods Frameworks";
			outputFileListPaths = (
				"${PODS_ROOT}/Target Support Files/Pods-ShaurmaRate/Pods-ShaurmaRate-frameworks-${CONFIGURATION}-output-files.xcfilelist",
			);
			runOnlyForDeploymentPostprocessing = 0;
			shellPath = /bin/sh;
			shellScript = "\"${PODS_ROOT}/Target Support Files/Pods-ShaurmaRate/Pods-ShaurmaRate-frameworks.sh\"\n";
			showEnvVarsInLog = 0;
		};
		D46421DD83A0D24B2306E460 /* [CP] Check Pods Manifest.lock */ = {
			isa = PBXShellScriptBuildPhase;
			buildActionMask = 2147483647;
			files = (
			);
			inputFileListPaths = (
			);
			inputPaths = (
				"${PODS_PODFILE_DIR_PATH}/Podfile.lock",
				"${PODS_ROOT}/Manifest.lock",
			);
			name = "[CP] Check Pods Manifest.lock";
			outputFileListPaths = (
			);
			outputPaths = (
				"$(DERIVED_FILE_DIR)/Pods-ShaurmaRate-checkManifestLockResult.txt",
			);
			runOnlyForDeploymentPostprocessing = 0;
			shellPath = /bin/sh;
			shellScript = "diff \"${PODS_PODFILE_DIR_PATH}/Podfile.lock\" \"${PODS_ROOT}/Manifest.lock\" > /dev/null\nif [ $? != 0 ] ; then\n    # print error to STDERR\n    echo \"error: The sandbox is not in sync with the Podfile.lock. Run 'pod install' or update your CocoaPods installation.\" >&2\n    exit 1\nfi\n# This output is used by Xcode 'outputs' to avoid re-running this script phase.\necho \"SUCCESS\" > \"${SCRIPT_OUTPUT_FILE_0}\"\n";
			showEnvVarsInLog = 0;
		};
/* End PBXShellScriptBuildPhase section */

/* Begin PBXSourcesBuildPhase section */
		D641FE88242BC4B0006243BD /* Sources */ = {
			isa = PBXSourcesBuildPhase;
			buildActionMask = 2147483647;
			files = (
				D641FEA6242D2CDA006243BD /* CellForShawa.swift in Sources */,
				D641FEA4242BC918006243BD /* ShaurmaTVC.swift in Sources */,
				D641FEA8242F54DF006243BD /* PlaceModel.swift in Sources */,
				D641FE90242BC4B0006243BD /* AppDelegate.swift in Sources */,
				D64E8DA32434D30E00C0CDAE /* RatingControl.swift in Sources */,
				D64E8DA5243627B900C0CDAE /* MapVC.swift in Sources */,
				D61A8D7E243097340095095A /* DoneButton.swift in Sources */,
				D641FE92242BC4B0006243BD /* SceneDelegate.swift in Sources */,
				D61A8D7C242F82C60095095A /* NewShawa.swift in Sources */,
				D61A8D8024322C6B0095095A /* StorageManager.swift in Sources */,
			);
			runOnlyForDeploymentPostprocessing = 0;
		};
/* End PBXSourcesBuildPhase section */

/* Begin PBXVariantGroup section */
		D641FE95242BC4B0006243BD /* Main.storyboard */ = {
			isa = PBXVariantGroup;
			children = (
				D641FE96242BC4B0006243BD /* Base */,
			);
			name = Main.storyboard;
			sourceTree = "<group>";
		};
		D641FE9A242BC4B5006243BD /* LaunchScreen.storyboard */ = {
			isa = PBXVariantGroup;
			children = (
				D641FE9B242BC4B5006243BD /* Base */,
			);
			name = LaunchScreen.storyboard;
			sourceTree = "<group>";
		};
/* End PBXVariantGroup section */

/* Begin XCBuildConfiguration section */
		D641FE9E242BC4B5006243BD /* Debug */ = {
			isa = XCBuildConfiguration;
			buildSettings = {
				ALWAYS_SEARCH_USER_PATHS = NO;
				CLANG_ANALYZER_NONNULL = YES;
				CLANG_ANALYZER_NUMBER_OBJECT_CONVERSION = YES_AGGRESSIVE;
				CLANG_CXX_LANGUAGE_STANDARD = "gnu++14";
				CLANG_CXX_LIBRARY = "libc++";
				CLANG_ENABLE_MODULES = YES;
				CLANG_ENABLE_OBJC_ARC = YES;
				CLANG_ENABLE_OBJC_WEAK = YES;
				CLANG_WARN_BLOCK_CAPTURE_AUTORELEASING = YES;
				CLANG_WARN_BOOL_CONVERSION = YES;
				CLANG_WARN_COMMA = YES;
				CLANG_WARN_CONSTANT_CONVERSION = YES;
				CLANG_WARN_DEPRECATED_OBJC_IMPLEMENTATIONS = YES;
				CLANG_WARN_DIRECT_OBJC_ISA_USAGE = YES_ERROR;
				CLANG_WARN_DOCUMENTATION_COMMENTS = YES;
				CLANG_WARN_EMPTY_BODY = YES;
				CLANG_WARN_ENUM_CONVERSION = YES;
				CLANG_WARN_INFINITE_RECURSION = YES;
				CLANG_WARN_INT_CONVERSION = YES;
				CLANG_WARN_NON_LITERAL_NULL_CONVERSION = YES;
				CLANG_WARN_OBJC_IMPLICIT_RETAIN_SELF = YES;
				CLANG_WARN_OBJC_LITERAL_CONVERSION = YES;
				CLANG_WARN_OBJC_ROOT_CLASS = YES_ERROR;
				CLANG_WARN_RANGE_LOOP_ANALYSIS = YES;
				CLANG_WARN_STRICT_PROTOTYPES = YES;
				CLANG_WARN_SUSPICIOUS_MOVE = YES;
				CLANG_WARN_UNGUARDED_AVAILABILITY = YES_AGGRESSIVE;
				CLANG_WARN_UNREACHABLE_CODE = YES;
				CLANG_WARN__DUPLICATE_METHOD_MATCH = YES;
				COPY_PHASE_STRIP = NO;
				DEBUG_INFORMATION_FORMAT = dwarf;
				ENABLE_STRICT_OBJC_MSGSEND = YES;
				ENABLE_TESTABILITY = YES;
				GCC_C_LANGUAGE_STANDARD = gnu11;
				GCC_DYNAMIC_NO_PIC = NO;
				GCC_NO_COMMON_BLOCKS = YES;
				GCC_OPTIMIZATION_LEVEL = 0;
				GCC_PREPROCESSOR_DEFINITIONS = (
					"DEBUG=1",
					"$(inherited)",
				);
				GCC_WARN_64_TO_32_BIT_CONVERSION = YES;
				GCC_WARN_ABOUT_RETURN_TYPE = YES_ERROR;
				GCC_WARN_UNDECLARED_SELECTOR = YES;
				GCC_WARN_UNINITIALIZED_AUTOS = YES_AGGRESSIVE;
				GCC_WARN_UNUSED_FUNCTION = YES;
				GCC_WARN_UNUSED_VARIABLE = YES;
				IPHONEOS_DEPLOYMENT_TARGET = 13.2;
				MTL_ENABLE_DEBUG_INFO = INCLUDE_SOURCE;
				MTL_FAST_MATH = YES;
				ONLY_ACTIVE_ARCH = YES;
				SDKROOT = iphoneos;
				SWIFT_ACTIVE_COMPILATION_CONDITIONS = DEBUG;
				SWIFT_OPTIMIZATION_LEVEL = "-Onone";
			};
			name = Debug;
		};
		D641FE9F242BC4B5006243BD /* Release */ = {
			isa = XCBuildConfiguration;
			buildSettings = {
				ALWAYS_SEARCH_USER_PATHS = NO;
				CLANG_ANALYZER_NONNULL = YES;
				CLANG_ANALYZER_NUMBER_OBJECT_CONVERSION = YES_AGGRESSIVE;
				CLANG_CXX_LANGUAGE_STANDARD = "gnu++14";
				CLANG_CXX_LIBRARY = "libc++";
				CLANG_ENABLE_MODULES = YES;
				CLANG_ENABLE_OBJC_ARC = YES;
				CLANG_ENABLE_OBJC_WEAK = YES;
				CLANG_WARN_BLOCK_CAPTURE_AUTORELEASING = YES;
				CLANG_WARN_BOOL_CONVERSION = YES;
				CLANG_WARN_COMMA = YES;
				CLANG_WARN_CONSTANT_CONVERSION = YES;
				CLANG_WARN_DEPRECATED_OBJC_IMPLEMENTATIONS = YES;
				CLANG_WARN_DIRECT_OBJC_ISA_USAGE = YES_ERROR;
				CLANG_WARN_DOCUMENTATION_COMMENTS = YES;
				CLANG_WARN_EMPTY_BODY = YES;
				CLANG_WARN_ENUM_CONVERSION = YES;
				CLANG_WARN_INFINITE_RECURSION = YES;
				CLANG_WARN_INT_CONVERSION = YES;
				CLANG_WARN_NON_LITERAL_NULL_CONVERSION = YES;
				CLANG_WARN_OBJC_IMPLICIT_RETAIN_SELF = YES;
				CLANG_WARN_OBJC_LITERAL_CONVERSION = YES;
				CLANG_WARN_OBJC_ROOT_CLASS = YES_ERROR;
				CLANG_WARN_RANGE_LOOP_ANALYSIS = YES;
				CLANG_WARN_STRICT_PROTOTYPES = YES;
				CLANG_WARN_SUSPICIOUS_MOVE = YES;
				CLANG_WARN_UNGUARDED_AVAILABILITY = YES_AGGRESSIVE;
				CLANG_WARN_UNREACHABLE_CODE = YES;
				CLANG_WARN__DUPLICATE_METHOD_MATCH = YES;
				COPY_PHASE_STRIP = NO;
				DEBUG_INFORMATION_FORMAT = "dwarf-with-dsym";
				ENABLE_NS_ASSERTIONS = NO;
				ENABLE_STRICT_OBJC_MSGSEND = YES;
				GCC_C_LANGUAGE_STANDARD = gnu11;
				GCC_NO_COMMON_BLOCKS = YES;
				GCC_WARN_64_TO_32_BIT_CONVERSION = YES;
				GCC_WARN_ABOUT_RETURN_TYPE = YES_ERROR;
				GCC_WARN_UNDECLARED_SELECTOR = YES;
				GCC_WARN_UNINITIALIZED_AUTOS = YES_AGGRESSIVE;
				GCC_WARN_UNUSED_FUNCTION = YES;
				GCC_WARN_UNUSED_VARIABLE = YES;
				IPHONEOS_DEPLOYMENT_TARGET = 13.2;
				MTL_ENABLE_DEBUG_INFO = NO;
				MTL_FAST_MATH = YES;
				SDKROOT = iphoneos;
				SWIFT_COMPILATION_MODE = wholemodule;
				SWIFT_OPTIMIZATION_LEVEL = "-O";
				VALIDATE_PRODUCT = YES;
			};
			name = Release;
		};
		D641FEA1242BC4B5006243BD /* Debug */ = {
			isa = XCBuildConfiguration;
			baseConfigurationReference = CA9885FE9716C10928ECD08F /* Pods-ShaurmaRate.debug.xcconfig */;
			buildSettings = {
				ASSETCATALOG_COMPILER_APPICON_NAME = AppIcon;
				CODE_SIGN_STYLE = Automatic;
				DEVELOPMENT_TEAM = TY8AJ3X7FD;
				INFOPLIST_FILE = ShaurmaRate/Info.plist;
				LD_RUNPATH_SEARCH_PATHS = (
					"$(inherited)",
					"@executable_path/Frameworks",
				);
				PRODUCT_BUNDLE_IDENTIFIER = "Mikhail-Zviagintsev.ShaurmaRate";
				PRODUCT_NAME = "$(TARGET_NAME)";
				SWIFT_VERSION = 5.0;
				TARGETED_DEVICE_FAMILY = "1,2";
			};
			name = Debug;
		};
		D641FEA2242BC4B5006243BD /* Release */ = {
			isa = XCBuildConfiguration;
			baseConfigurationReference = 4F9B9B9AFBD95C1043460C75 /* Pods-ShaurmaRate.release.xcconfig */;
			buildSettings = {
				ASSETCATALOG_COMPILER_APPICON_NAME = AppIcon;
				CODE_SIGN_STYLE = Automatic;
				DEVELOPMENT_TEAM = TY8AJ3X7FD;
				INFOPLIST_FILE = ShaurmaRate/Info.plist;
				LD_RUNPATH_SEARCH_PATHS = (
					"$(inherited)",
					"@executable_path/Frameworks",
				);
				PRODUCT_BUNDLE_IDENTIFIER = "Mikhail-Zviagintsev.ShaurmaRate";
				PRODUCT_NAME = "$(TARGET_NAME)";
				SWIFT_VERSION = 5.0;
				TARGETED_DEVICE_FAMILY = "1,2";
			};
			name = Release;
		};
/* End XCBuildConfiguration section */

/* Begin XCConfigurationList section */
		D641FE87242BC4B0006243BD /* Build configuration list for PBXProject "ShaurmaRate" */ = {
			isa = XCConfigurationList;
			buildConfigurations = (
				D641FE9E242BC4B5006243BD /* Debug */,
				D641FE9F242BC4B5006243BD /* Release */,
			);
			defaultConfigurationIsVisible = 0;
			defaultConfigurationName = Release;
		};
		D641FEA0242BC4B5006243BD /* Build configuration list for PBXNativeTarget "ShaurmaRate" */ = {
			isa = XCConfigurationList;
			buildConfigurations = (
				D641FEA1242BC4B5006243BD /* Debug */,
				D641FEA2242BC4B5006243BD /* Release */,
			);
			defaultConfigurationIsVisible = 0;
			defaultConfigurationName = Release;
		};
/* End XCConfigurationList section */
	};
	rootObject = D641FE84242BC4B0006243BD /* Project object */;
}
